// !$*UTF8*$!
{
	archiveVersion = 1;
	classes = {
	};
	objectVersion = 77;
	objects = {

/* Begin PBXContainerItemProxy section */
		AFD27FF02E35E78000F3D548 /* PBXContainerItemProxy */ = {
			isa = PBXContainerItemProxy;
			containerPortal = AFD27FD52E35E77F00F3D548 /* Project object */;
			proxyType = 1;
			remoteGlobalIDString = AFD27FDC2E35E77F00F3D548;
			remoteInfo = "Big Back Fitness Tracker";
		};
		AFD27FFA2E35E78000F3D548 /* PBXContainerItemProxy */ = {
			isa = PBXContainerItemProxy;
			containerPortal = AFD27FD52E35E77F00F3D548 /* Project object */;
			proxyType = 1;
			remoteGlobalIDString = AFD27FDC2E35E77F00F3D548;
			remoteInfo = "Big Back Fitness Tracker";
		};
/* End PBXContainerItemProxy section */

/* Begin PBXFileReference section */
		AFD27FDD2E35E77F00F3D548 /* Big Back Fitness Tracker.app */ = {isa = PBXFileReference; explicitFileType = wrapper.application; includeInIndex = 0; path = "Big Back Fitness Tracker.app"; sourceTree = BUILT_PRODUCTS_DIR; };
		AFD27FEF2E35E78000F3D548 /* Big Back Fitness TrackerTests.xctest */ = {isa = PBXFileReference; explicitFileType = wrapper.cfbundle; includeInIndex = 0; path = "Big Back Fitness TrackerTests.xctest"; sourceTree = BUILT_PRODUCTS_DIR; };
		AFD27FF92E35E78000F3D548 /* Big Back Fitness TrackerUITests.xctest */ = {isa = PBXFileReference; explicitFileType = wrapper.cfbundle; includeInIndex = 0; path = "Big Back Fitness TrackerUITests.xctest"; sourceTree = BUILT_PRODUCTS_DIR; };
/* End PBXFileReference section */

/* Begin PBXFileSystemSynchronizedBuildFileExceptionSet section */
		AFD280272E36013A00F3D548 /* Exceptions for "Big Back Fitness Tracker" folder in "Big Back Fitness Tracker" target */ = {
			isa = PBXFileSystemSynchronizedBuildFileExceptionSet;
			membershipExceptions = (
				Info.plist,
			);
			target = AFD27FDC2E35E77F00F3D548 /* Big Back Fitness Tracker */;
		};
/* End PBXFileSystemSynchronizedBuildFileExceptionSet section */

/* Begin PBXFileSystemSynchronizedRootGroup section */
		AFD27FDF2E35E77F00F3D548 /* Big Back Fitness Tracker */ = {
			isa = PBXFileSystemSynchronizedRootGroup;
			exceptions = (
				AFD280272E36013A00F3D548 /* Exceptions for "Big Back Fitness Tracker" folder in "Big Back Fitness Tracker" target */,
			);
			path = "Big Back Fitness Tracker";
			sourceTree = "<group>";
		};
		AFD27FF22E35E78000F3D548 /* Big Back Fitness TrackerTests */ = {
			isa = PBXFileSystemSynchronizedRootGroup;
			path = "Big Back Fitness TrackerTests";
			sourceTree = "<group>";
		};
		AFD27FFC2E35E78000F3D548 /* Big Back Fitness TrackerUITests */ = {
			isa = PBXFileSystemSynchronizedRootGroup;
			path = "Big Back Fitness TrackerUITests";
			sourceTree = "<group>";
		};
/* End PBXFileSystemSynchronizedRootGroup section */

/* Begin PBXFrameworksBuildPhase section */
		AFD27FDA2E35E77F00F3D548 /* Frameworks */ = {
			isa = PBXFrameworksBuildPhase;
			buildActionMask = 2147483647;
			files = (
			);
			runOnlyForDeploymentPostprocessing = 0;
		};
		AFD27FEC2E35E78000F3D548 /* Frameworks */ = {
			isa = PBXFrameworksBuildPhase;
			buildActionMask = 2147483647;
			files = (
			);
			runOnlyForDeploymentPostprocessing = 0;
		};
		AFD27FF62E35E78000F3D548 /* Frameworks */ = {
			isa = PBXFrameworksBuildPhase;
			buildActionMask = 2147483647;
			files = (
			);
			runOnlyForDeploymentPostprocessing = 0;
		};
/* End PBXFrameworksBuildPhase section */

/* Begin PBXGroup section */
		AFD27FD42E35E77F00F3D548 = {
			isa = PBXGroup;
			children = (
				AFD27FDF2E35E77F00F3D548 /* Big Back Fitness Tracker */,
				AFD27FF22E35E78000F3D548 /* Big Back Fitness TrackerTests */,
				AFD27FFC2E35E78000F3D548 /* Big Back Fitness TrackerUITests */,
				AFD27FDE2E35E77F00F3D548 /* Products */,
			);
			sourceTree = "<group>";
		};
		AFD27FDE2E35E77F00F3D548 /* Products */ = {
			isa = PBXGroup;
			children = (
				AFD27FDD2E35E77F00F3D548 /* Big Back Fitness Tracker.app */,
				AFD27FEF2E35E78000F3D548 /* Big Back Fitness TrackerTests.xctest */,
				AFD27FF92E35E78000F3D548 /* Big Back Fitness TrackerUITests.xctest */,
			);
			name = Products;
			sourceTree = "<group>";
		};
/* End PBXGroup section */

/* Begin PBXNativeTarget section */
		AFD27FDC2E35E77F00F3D548 /* Big Back Fitness Tracker */ = {
			isa = PBXNativeTarget;
			buildConfigurationList = AFD280032E35E78000F3D548 /* Build configuration list for PBXNativeTarget "Big Back Fitness Tracker" */;
			buildPhases = (
				AFD27FD92E35E77F00F3D548 /* Sources */,
				AFD27FDA2E35E77F00F3D548 /* Frameworks */,
				AFD27FDB2E35E77F00F3D548 /* Resources */,
			);
			buildRules = (
			);
			dependencies = (
			);
			fileSystemSynchronizedGroups = (
				AFD27FDF2E35E77F00F3D548 /* Big Back Fitness Tracker */,
			);
			name = "Big Back Fitness Tracker";
			packageProductDependencies = (
			);
			productName = "Big Back Fitness Tracker";
			productReference = AFD27FDD2E35E77F00F3D548 /* Big Back Fitness Tracker.app */;
			productType = "com.apple.product-type.application";
		};
		AFD27FEE2E35E78000F3D548 /* Big Back Fitness TrackerTests */ = {
			isa = PBXNativeTarget;
			buildConfigurationList = AFD280062E35E78000F3D548 /* Build configuration list for PBXNativeTarget "Big Back Fitness TrackerTests" */;
			buildPhases = (
				AFD27FEB2E35E78000F3D548 /* Sources */,
				AFD27FEC2E35E78000F3D548 /* Frameworks */,
				AFD27FED2E35E78000F3D548 /* Resources */,
			);
			buildRules = (
			);
			dependencies = (
				AFD27FF12E35E78000F3D548 /* PBXTargetDependency */,
			);
			fileSystemSynchronizedGroups = (
				AFD27FF22E35E78000F3D548 /* Big Back Fitness TrackerTests */,
			);
			name = "Big Back Fitness TrackerTests";
			packageProductDependencies = (
			);
			productName = "Big Back Fitness TrackerTests";
			productReference = AFD27FEF2E35E78000F3D548 /* Big Back Fitness TrackerTests.xctest */;
			productType = "com.apple.product-type.bundle.unit-test";
		};
		AFD27FF82E35E78000F3D548 /* Big Back Fitness TrackerUITests */ = {
			isa = PBXNativeTarget;
			buildConfigurationList = AFD280092E35E78000F3D548 /* Build configuration list for PBXNativeTarget "Big Back Fitness TrackerUITests" */;
			buildPhases = (
				AFD27FF52E35E78000F3D548 /* Sources */,
				AFD27FF62E35E78000F3D548 /* Frameworks */,
				AFD27FF72E35E78000F3D548 /* Resources */,
			);
			buildRules = (
			);
			dependencies = (
				AFD27FFB2E35E78000F3D548 /* PBXTargetDependency */,
			);
			fileSystemSynchronizedGroups = (
				AFD27FFC2E35E78000F3D548 /* Big Back Fitness TrackerUITests */,
			);
			name = "Big Back Fitness TrackerUITests";
			packageProductDependencies = (
			);
			productName = "Big Back Fitness TrackerUITests";
			productReference = AFD27FF92E35E78000F3D548 /* Big Back Fitness TrackerUITests.xctest */;
			productType = "com.apple.product-type.bundle.ui-testing";
		};
/* End PBXNativeTarget section */

/* Begin PBXProject section */
		AFD27FD52E35E77F00F3D548 /* Project object */ = {
			isa = PBXProject;
			attributes = {
				BuildIndependentTargetsInParallel = 1;
				LastSwiftUpdateCheck = 1620;
				LastUpgradeCheck = 1620;
				TargetAttributes = {
					AFD27FDC2E35E77F00F3D548 = {
						CreatedOnToolsVersion = 16.2;
					};
					AFD27FEE2E35E78000F3D548 = {
						CreatedOnToolsVersion = 16.2;
						TestTargetID = AFD27FDC2E35E77F00F3D548;
					};
					AFD27FF82E35E78000F3D548 = {
						CreatedOnToolsVersion = 16.2;
						TestTargetID = AFD27FDC2E35E77F00F3D548;
					};
				};
			};
			buildConfigurationList = AFD27FD82E35E77F00F3D548 /* Build configuration list for PBXProject "Big Back Fitness Tracker" */;
			developmentRegion = en;
			hasScannedForEncodings = 0;
			knownRegions = (
				en,
				Base,
			);
			mainGroup = AFD27FD42E35E77F00F3D548;
			minimizedProjectReferenceProxies = 1;
			preferredProjectObjectVersion = 77;
			productRefGroup = AFD27FDE2E35E77F00F3D548 /* Products */;
			projectDirPath = "";
			projectRoot = "";
			targets = (
				AFD27FDC2E35E77F00F3D548 /* Big Back Fitness Tracker */,
				AFD27FEE2E35E78000F3D548 /* Big Back Fitness TrackerTests */,
				AFD27FF82E35E78000F3D548 /* Big Back Fitness TrackerUITests */,
			);
		};
/* End PBXProject section */

/* Begin PBXResourcesBuildPhase section */
		AFD27FDB2E35E77F00F3D548 /* Resources */ = {
			isa = PBXResourcesBuildPhase;
			buildActionMask = 2147483647;
			files = (
			);
			runOnlyForDeploymentPostprocessing = 0;
		};
		AFD27FED2E35E78000F3D548 /* Resources */ = {
			isa = PBXResourcesBuildPhase;
			buildActionMask = 2147483647;
			files = (
			);
			runOnlyForDeploymentPostprocessing = 0;
		};
		AFD27FF72E35E78000F3D548 /* Resources */ = {
			isa = PBXResourcesBuildPhase;
			buildActionMask = 2147483647;
			files = (
			);
			runOnlyForDeploymentPostprocessing = 0;
		};
/* End PBXResourcesBuildPhase section */

/* Begin PBXSourcesBuildPhase section */
		AFD27FD92E35E77F00F3D548 /* Sources */ = {
			isa = PBXSourcesBuildPhase;
			buildActionMask = 2147483647;
			files = (
			);
			runOnlyForDeploymentPostprocessing = 0;
		};
		AFD27FEB2E35E78000F3D548 /* Sources */ = {
			isa = PBXSourcesBuildPhase;
			buildActionMask = 2147483647;
			files = (
			);
			runOnlyForDeploymentPostprocessing = 0;
		};
		AFD27FF52E35E78000F3D548 /* Sources */ = {
			isa = PBXSourcesBuildPhase;
			buildActionMask = 2147483647;
			files = (
			);
			runOnlyForDeploymentPostprocessing = 0;
		};
/* End PBXSourcesBuildPhase section */

/* Begin PBXTargetDependency section */
		AFD27FF12E35E78000F3D548 /* PBXTargetDependency */ = {
			isa = PBXTargetDependency;
			target = AFD27FDC2E35E77F00F3D548 /* Big Back Fitness Tracker */;
			targetProxy = AFD27FF02E35E78000F3D548 /* PBXContainerItemProxy */;
		};
		AFD27FFB2E35E78000F3D548 /* PBXTargetDependency */ = {
			isa = PBXTargetDependency;
			target = AFD27FDC2E35E77F00F3D548 /* Big Back Fitness Tracker */;
			targetProxy = AFD27FFA2E35E78000F3D548 /* PBXContainerItemProxy */;
		};
/* End PBXTargetDependency section */

/* Begin XCBuildConfiguration section */
		AFD280012E35E78000F3D548 /* Debug */ = {
			isa = XCBuildConfiguration;
			buildSettings = {
				ALWAYS_SEARCH_USER_PATHS = NO;
				ASSETCATALOG_COMPILER_GENERATE_SWIFT_ASSET_SYMBOL_EXTENSIONS = YES;
				CLANG_ANALYZER_NONNULL = YES;
				CLANG_ANALYZER_NUMBER_OBJECT_CONVERSION = YES_AGGRESSIVE;
				CLANG_CXX_LANGUAGE_STANDARD = "gnu++20";
				CLANG_ENABLE_MODULES = YES;
				CLANG_ENABLE_OBJC_ARC = YES;
				CLANG_ENABLE_OBJC_WEAK = YES;
				CLANG_WARN_BLOCK_CAPTURE_AUTORELEASING = YES;
				CLANG_WARN_BOOL_CONVERSION = YES;
				CLANG_WARN_COMMA = YES;
				CLANG_WARN_CONSTANT_CONVERSION = YES;
				CLANG_WARN_DEPRECATED_OBJC_IMPLEMENTATIONS = YES;
				CLANG_WARN_DIRECT_OBJC_ISA_USAGE = YES_ERROR;
				CLANG_WARN_DOCUMENTATION_COMMENTS = YES;
				CLANG_WARN_EMPTY_BODY = YES;
				CLANG_WARN_ENUM_CONVERSION = YES;
				CLANG_WARN_INFINITE_RECURSION = YES;
				CLANG_WARN_INT_CONVERSION = YES;
				CLANG_WARN_NON_LITERAL_NULL_CONVERSION = YES;
				CLANG_WARN_OBJC_IMPLICIT_RETAIN_SELF = YES;
				CLANG_WARN_OBJC_LITERAL_CONVERSION = YES;
				CLANG_WARN_OBJC_ROOT_CLASS = YES_ERROR;
				CLANG_WARN_QUOTED_INCLUDE_IN_FRAMEWORK_HEADER = YES;
				CLANG_WARN_RANGE_LOOP_ANALYSIS = YES;
				CLANG_WARN_STRICT_PROTOTYPES = YES;
				CLANG_WARN_SUSPICIOUS_MOVE = YES;
				CLANG_WARN_UNGUARDED_AVAILABILITY = YES_AGGRESSIVE;
				CLANG_WARN_UNREACHABLE_CODE = YES;
				CLANG_WARN__DUPLICATE_METHOD_MATCH = YES;
				COPY_PHASE_STRIP = NO;
				DEBUG_INFORMATION_FORMAT = dwarf;
				ENABLE_STRICT_OBJC_MSGSEND = YES;
				ENABLE_TESTABILITY = YES;
				ENABLE_USER_SCRIPT_SANDBOXING = YES;
				GCC_C_LANGUAGE_STANDARD = gnu17;
				GCC_DYNAMIC_NO_PIC = NO;
				GCC_NO_COMMON_BLOCKS = YES;
				GCC_OPTIMIZATION_LEVEL = 0;
				GCC_PREPROCESSOR_DEFINITIONS = (
					"DEBUG=1",
					"$(inherited)",
				);
				GCC_WARN_64_TO_32_BIT_CONVERSION = YES;
				GCC_WARN_ABOUT_RETURN_TYPE = YES_ERROR;
				GCC_WARN_UNDECLARED_SELECTOR = YES;
				GCC_WARN_UNINITIALIZED_AUTOS = YES_AGGRESSIVE;
				GCC_WARN_UNUSED_FUNCTION = YES;
				GCC_WARN_UNUSED_VARIABLE = YES;
				IPHONEOS_DEPLOYMENT_TARGET = 18.2;
				LOCALIZATION_PREFERS_STRING_CATALOGS = YES;
				MTL_ENABLE_DEBUG_INFO = INCLUDE_SOURCE;
				MTL_FAST_MATH = YES;
				ONLY_ACTIVE_ARCH = YES;
				SDKROOT = iphoneos;
				SWIFT_ACTIVE_COMPILATION_CONDITIONS = "DEBUG $(inherited)";
				SWIFT_OPTIMIZATION_LEVEL = "-Onone";
			};
			name = Debug;
		};
		AFD280022E35E78000F3D548 /* Release */ = {
			isa = XCBuildConfiguration;
			buildSettings = {
				ALWAYS_SEARCH_USER_PATHS = NO;
				ASSETCATALOG_COMPILER_GENERATE_SWIFT_ASSET_SYMBOL_EXTENSIONS = YES;
				CLANG_ANALYZER_NONNULL = YES;
				CLANG_ANALYZER_NUMBER_OBJECT_CONVERSION = YES_AGGRESSIVE;
				CLANG_CXX_LANGUAGE_STANDARD = "gnu++20";
				CLANG_ENABLE_MODULES = YES;
				CLANG_ENABLE_OBJC_ARC = YES;
				CLANG_ENABLE_OBJC_WEAK = YES;
				CLANG_WARN_BLOCK_CAPTURE_AUTORELEASING = YES;
				CLANG_WARN_BOOL_CONVERSION = YES;
				CLANG_WARN_COMMA = YES;
				CLANG_WARN_CONSTANT_CONVERSION = YES;
				CLANG_WARN_DEPRECATED_OBJC_IMPLEMENTATIONS = YES;
				CLANG_WARN_DIRECT_OBJC_ISA_USAGE = YES_ERROR;
				CLANG_WARN_DOCUMENTATION_COMMENTS = YES;
				CLANG_WARN_EMPTY_BODY = YES;
				CLANG_WARN_ENUM_CONVERSION = YES;
				CLANG_WARN_INFINITE_RECURSION = YES;
				CLANG_WARN_INT_CONVERSION = YES;
				CLANG_WARN_NON_LITERAL_NULL_CONVERSION = YES;
				CLANG_WARN_OBJC_IMPLICIT_RETAIN_SELF = YES;
				CLANG_WARN_OBJC_LITERAL_CONVERSION = YES;
				CLANG_WARN_OBJC_ROOT_CLASS = YES_ERROR;
				CLANG_WARN_QUOTED_INCLUDE_IN_FRAMEWORK_HEADER = YES;
				CLANG_WARN_RANGE_LOOP_ANALYSIS = YES;
				CLANG_WARN_STRICT_PROTOTYPES = YES;
				CLANG_WARN_SUSPICIOUS_MOVE = YES;
				CLANG_WARN_UNGUARDED_AVAILABILITY = YES_AGGRESSIVE;
				CLANG_WARN_UNREACHABLE_CODE = YES;
				CLANG_WARN__DUPLICATE_METHOD_MATCH = YES;
				COPY_PHASE_STRIP = NO;
				DEBUG_INFORMATION_FORMAT = "dwarf-with-dsym";
				ENABLE_NS_ASSERTIONS = NO;
				ENABLE_STRICT_OBJC_MSGSEND = YES;
				ENABLE_USER_SCRIPT_SANDBOXING = YES;
				GCC_C_LANGUAGE_STANDARD = gnu17;
				GCC_NO_COMMON_BLOCKS = YES;
				GCC_WARN_64_TO_32_BIT_CONVERSION = YES;
				GCC_WARN_ABOUT_RETURN_TYPE = YES_ERROR;
				GCC_WARN_UNDECLARED_SELECTOR = YES;
				GCC_WARN_UNINITIALIZED_AUTOS = YES_AGGRESSIVE;
				GCC_WARN_UNUSED_FUNCTION = YES;
				GCC_WARN_UNUSED_VARIABLE = YES;
				IPHONEOS_DEPLOYMENT_TARGET = 18.2;
				LOCALIZATION_PREFERS_STRING_CATALOGS = YES;
				MTL_ENABLE_DEBUG_INFO = NO;
				MTL_FAST_MATH = YES;
				SDKROOT = iphoneos;
				SWIFT_COMPILATION_MODE = wholemodule;
				VALIDATE_PRODUCT = YES;
			};
			name = Release;
		};
		AFD280042E35E78000F3D548 /* Debug */ = {
			isa = XCBuildConfiguration;
			buildSettings = {
				ASSETCATALOG_COMPILER_APPICON_NAME = AppIcon;
				ASSETCATALOG_COMPILER_GLOBAL_ACCENT_COLOR_NAME = AccentColor;
				CODE_SIGN_STYLE = Automatic;
				CURRENT_PROJECT_VERSION = 1;
				DEVELOPMENT_ASSET_PATHS = "\"Big Back Fitness Tracker/Preview Content\"";
				DEVELOPMENT_TEAM = FXWRZ69Q98;
				ENABLE_PREVIEWS = YES;
				GENERATE_INFOPLIST_FILE = YES;
				INFOPLIST_FILE = "Big-Back-Fitness-Tracker-Info.plist";
				INFOPLIST_KEY_UIApplicationSceneManifest_Generation = YES;
				INFOPLIST_KEY_UIApplicationSupportsIndirectInputEvents = YES;
				INFOPLIST_KEY_UILaunchScreen_Generation = YES;
				INFOPLIST_KEY_UISupportedInterfaceOrientations_iPad = "UIInterfaceOrientationPortrait UIInterfaceOrientationPortraitUpsideDown UIInterfaceOrientationLandscapeLeft UIInterfaceOrientationLandscapeRight";
				INFOPLIST_KEY_UISupportedInterfaceOrientations_iPhone = "UIInterfaceOrientationPortrait UIInterfaceOrientationLandscapeLeft UIInterfaceOrientationLandscapeRight";
				LD_RUNPATH_SEARCH_PATHS = (
					"$(inherited)",
					"@executable_path/Frameworks",
				);
				MARKETING_VERSION = 1.0;
				PRODUCT_BUNDLE_IDENTIFIER = "com.bigbacktracker.Big-Back-Fitness-Tracker";
				PRODUCT_NAME = "$(TARGET_NAME)";
				SWIFT_EMIT_LOC_STRINGS = YES;
				SWIFT_VERSION = 5.0;
				TARGETED_DEVICE_FAMILY = "1,2";
			};
			name = Debug;
		};
		AFD280052E35E78000F3D548 /* Release */ = {
			isa = XCBuildConfiguration;
			buildSettings = {
				ASSETCATALOG_COMPILER_APPICON_NAME = AppIcon;
				ASSETCATALOG_COMPILER_GLOBAL_ACCENT_COLOR_NAME = AccentColor;
				CODE_SIGN_STYLE = Automatic;
				CURRENT_PROJECT_VERSION = 1;
				DEVELOPMENT_ASSET_PATHS = "\"Big Back Fitness Tracker/Preview Content\"";
				DEVELOPMENT_TEAM = FXWRZ69Q98;
				ENABLE_PREVIEWS = YES;
				GENERATE_INFOPLIST_FILE = YES;
				INFOPLIST_FILE = "Big-Back-Fitness-Tracker-Info.plist";
				INFOPLIST_KEY_UIApplicationSceneManifest_Generation = YES;
				INFOPLIST_KEY_UIApplicationSupportsIndirectInputEvents = YES;
				INFOPLIST_KEY_UILaunchScreen_Generation = YES;
				INFOPLIST_KEY_UISupportedInterfaceOrientations_iPad = "UIInterfaceOrientationPortrait UIInterfaceOrientationPortraitUpsideDown UIInterfaceOrientationLandscapeLeft UIInterfaceOrientationLandscapeRight";
				INFOPLIST_KEY_UISupportedInterfaceOrientations_iPhone = "UIInterfaceOrientationPortrait UIInterfaceOrientationLandscapeLeft UIInterfaceOrientationLandscapeRight";
				LD_RUNPATH_SEARCH_PATHS = (
					"$(inherited)",
					"@executable_path/Frameworks",
				);
				MARKETING_VERSION = 1.0;
				PRODUCT_BUNDLE_IDENTIFIER = "com.bigbacktracker.Big-Back-Fitness-Tracker";
				PRODUCT_NAME = "$(TARGET_NAME)";
				SWIFT_EMIT_LOC_STRINGS = YES;
				SWIFT_VERSION = 5.0;
				TARGETED_DEVICE_FAMILY = "1,2";
			};
			name = Release;
		};
		AFD280072E35E78000F3D548 /* Debug */ = {
			isa = XCBuildConfiguration;
			buildSettings = {
				BUNDLE_LOADER = "$(TEST_HOST)";
				CODE_SIGN_STYLE = Automatic;
				CURRENT_PROJECT_VERSION = 1;
				DEVELOPMENT_TEAM = FXWRZ69Q98;
				GENERATE_INFOPLIST_FILE = YES;
				IPHONEOS_DEPLOYMENT_TARGET = 18.2;
				MARKETING_VERSION = 1.0;
				PRODUCT_BUNDLE_IDENTIFIER = "com.bigbacktracker.Big-Back-Fitness-TrackerTests";
				PRODUCT_NAME = "$(TARGET_NAME)";
				SWIFT_EMIT_LOC_STRINGS = NO;
				SWIFT_VERSION = 5.0;
				TARGETED_DEVICE_FAMILY = "1,2";
				TEST_HOST = "$(BUILT_PRODUCTS_DIR)/Big Back Fitness Tracker.app/$(BUNDLE_EXECUTABLE_FOLDER_PATH)/Big Back Fitness Tracker";
			};
			name = Debug;
		};
		AFD280082E35E78000F3D548 /* Release */ = {
			isa = XCBuildConfiguration;
			buildSettings = {
				BUNDLE_LOADER = "$(TEST_HOST)";
				CODE_SIGN_STYLE = Automatic;
				CURRENT_PROJECT_VERSION = 1;
				DEVELOPMENT_TEAM = FXWRZ69Q98;
				GENERATE_INFOPLIST_FILE = YES;
				IPHONEOS_DEPLOYMENT_TARGET = 18.2;
				MARKETING_VERSION = 1.0;
				PRODUCT_BUNDLE_IDENTIFIER = "com.bigbacktracker.Big-Back-Fitness-TrackerTests";
				PRODUCT_NAME = "$(TARGET_NAME)";
				SWIFT_EMIT_LOC_STRINGS = NO;
				SWIFT_VERSION = 5.0;
				TARGETED_DEVICE_FAMILY = "1,2";
				TEST_HOST = "$(BUILT_PRODUCTS_DIR)/Big Back Fitness Tracker.app/$(BUNDLE_EXECUTABLE_FOLDER_PATH)/Big Back Fitness Tracker";
			};
			name = Release;
		};
		AFD2800A2E35E78000F3D548 /* Debug */ = {
			isa = XCBuildConfiguration;
			buildSettings = {
				CODE_SIGN_STYLE = Automatic;
				CURRENT_PROJECT_VERSION = 1;
				DEVELOPMENT_TEAM = FXWRZ69Q98;
				GENERATE_INFOPLIST_FILE = YES;
				MARKETING_VERSION = 1.0;
				PRODUCT_BUNDLE_IDENTIFIER = "com.bigbacktracker.Big-Back-Fitness-TrackerUITests";
				PRODUCT_NAME = "$(TARGET_NAME)";
				SWIFT_EMIT_LOC_STRINGS = NO;
				SWIFT_VERSION = 5.0;
				TARGETED_DEVICE_FAMILY = "1,2";
				TEST_TARGET_NAME = "Big Back Fitness Tracker";
			};
			name = Debug;
		};
		AFD2800B2E35E78000F3D548 /* Release */ = {
			isa = XCBuildConfiguration;
			buildSettings = {
				CODE_SIGN_STYLE = Automatic;
				CURRENT_PROJECT_VERSION = 1;
				DEVELOPMENT_TEAM = FXWRZ69Q98;
				GENERATE_INFOPLIST_FILE = YES;
				MARKETING_VERSION = 1.0;
				PRODUCT_BUNDLE_IDENTIFIER = "com.bigbacktracker.Big-Back-Fitness-TrackerUITests";
				PRODUCT_NAME = "$(TARGET_NAME)";
				SWIFT_EMIT_LOC_STRINGS = NO;
				SWIFT_VERSION = 5.0;
				TARGETED_DEVICE_FAMILY = "1,2";
				TEST_TARGET_NAME = "Big Back Fitness Tracker";
			};
			name = Release;
		};
/* End XCBuildConfiguration section */

/* Begin XCConfigurationList section */
		AFD27FD82E35E77F00F3D548 /* Build configuration list for PBXProject "Big Back Fitness Tracker" */ = {
			isa = XCConfigurationList;
			buildConfigurations = (
				AFD280012E35E78000F3D548 /* Debug */,
				AFD280022E35E78000F3D548 /* Release */,
			);
			defaultConfigurationIsVisible = 0;
			defaultConfigurationName = Release;
		};
		AFD280032E35E78000F3D548 /* Build configuration list for PBXNativeTarget "Big Back Fitness Tracker" */ = {
			isa = XCConfigurationList;
			buildConfigurations = (
				AFD280042E35E78000F3D548 /* Debug */,
				AFD280052E35E78000F3D548 /* Release */,
			);
			defaultConfigurationIsVisible = 0;
			defaultConfigurationName = Release;
		};
		AFD280062E35E78000F3D548 /* Build configuration list for PBXNativeTarget "Big Back Fitness TrackerTests" */ = {
			isa = XCConfigurationList;
			buildConfigurations = (
				AFD280072E35E78000F3D548 /* Debug */,
				AFD280082E35E78000F3D548 /* Release */,
			);
			defaultConfigurationIsVisible = 0;
			defaultConfigurationName = Release;
		};
		AFD280092E35E78000F3D548 /* Build configuration list for PBXNativeTarget "Big Back Fitness TrackerUITests" */ = {
			isa = XCConfigurationList;
			buildConfigurations = (
				AFD2800A2E35E78000F3D548 /* Debug */,
				AFD2800B2E35E78000F3D548 /* Release */,
			);
			defaultConfigurationIsVisible = 0;
			defaultConfigurationName = Release;
		};
/* End XCConfigurationList section */
	};
	rootObject = AFD27FD52E35E77F00F3D548 /* Project object */;
}
